
Microsoft Visual Studio Solution File, Format Version 12.00
# Visual Studio Version 17
VisualStudioVersion = 17.6.33829.357
MinimumVisualStudioVersion = 10.0.40219.1
Project("{9A19103F-16F7-4668-BE54-9A1E7A4F7556}") = "MogboardExporter.CafeMaker", "MogboardExporter.CafeMaker\MogboardExporter.CafeMaker.csproj", "{F5B425B1-8648-468D-B950-32AC7203C1E9}"
EndProject
Project("{9A19103F-16F7-4668-BE54-9A1E7A4F7556}") = "MogboardExporter", "MogboardExporter\MogboardExporter.csproj", "{01377B2E-576E-42F8-80AF-D9F416E5B0B6}"
EndProject
Project("{9A19103F-16F7-4668-BE54-9A1E7A4F7556}") = "MogboardExporter.Data", "MogboardExporter.Data\MogboardExporter.Data.csproj", "{89848DF9-3D30-42F0-8C08-B5BD48DF7E08}"
EndProject
Project("{9A19103F-16F7-4668-BE54-9A1E7A4F7556}") = "MogboardExporter.XIVAPI.KR", "MogboardExporter.XIVAPI.KR\MogboardExporter.XIVAPI.KR.csproj", "{A4C5A661-4EF2-412E-B24A-629FFC59092F}"
EndProject
Global
	GlobalSection(SolutionConfigurationPlatforms) = preSolution
		Debug|Any CPU = Debug|Any CPU
		Release|Any CPU = Release|Any CPU
	EndGlobalSection
	GlobalSection(ProjectConfigurationPlatforms) = postSolution
		{F5B425B1-8648-468D-B950-32AC7203C1E9}.Debug|Any CPU.ActiveCfg = Debug|Any CPU
		{F5B425B1-8648-468D-B950-32AC7203C1E9}.Debug|Any CPU.Build.0 = Debug|Any CPU
		{F5B425B1-8648-468D-B950-32AC7203C1E9}.Release|Any CPU.ActiveCfg = Release|Any CPU
		{F5B425B1-8648-468D-B950-32AC7203C1E9}.Release|Any CPU.Build.0 = Release|Any CPU
		{01377B2E-576E-42F8-80AF-D9F416E5B0B6}.Debug|Any CPU.ActiveCfg = Debug|Any CPU
		{01377B2E-576E-42F8-80AF-D9F416E5B0B6}.Debug|Any CPU.Build.0 = Debug|Any CPU
		{01377B2E-576E-42F8-80AF-D9F416E5B0B6}.Release|Any CPU.ActiveCfg = Release|Any CPU
		{01377B2E-576E-42F8-80AF-D9F416E5B0B6}.Release|Any CPU.Build.0 = Release|Any CPU
		{89848DF9-3D30-42F0-8C08-B5BD48DF7E08}.Debug|Any CPU.ActiveCfg = Debug|Any CPU
		{89848DF9-3D30-42F0-8C08-B5BD48DF7E08}.Debug|Any CPU.Build.0 = Debug|Any CPU
		{89848DF9-3D30-42F0-8C08-B5BD48DF7E08}.Release|Any CPU.ActiveCfg = Release|Any CPU
		{89848DF9-3D30-42F0-8C08-B5BD48DF7E08}.Release|Any CPU.Build.0 = Release|Any CPU
		{A4C5A661-4EF2-412E-B24A-629FFC59092F}.Debug|Any CPU.ActiveCfg = Debug|Any CPU
		{A4C5A661-4EF2-412E-B24A-629FFC59092F}.Debug|Any CPU.Build.0 = Debug|Any CPU
		{A4C5A661-4EF2-412E-B24A-629FFC59092F}.Release|Any CPU.ActiveCfg = Release|Any CPU
		{A4C5A661-4EF2-412E-B24A-629FFC59092F}.Release|Any CPU.Build.0 = Release|Any CPU
	EndGlobalSection
	GlobalSection(SolutionProperties) = preSolution
		HideSolutionNode = FALSE
	EndGlobalSection
EndGlobal
